# THIS IS AN AUTOGENERATED FILE. DO NOT EDIT THIS FILE DIRECTLY.
# yarn lockfile v1


"@nobleai/rescript-lodash@^4.17.21":
  version "4.17.21"
  resolved "https://registry.yarnpkg.com/@nobleai/rescript-lodash/-/rescript-lodash-4.17.21.tgz#1c4c7b598f96069a31024ad84937402e4c67179d"
  integrity sha512-BKts8CWx84h5H1CAqjeAnBNivHNSH+V6RMM+C7A94lF1Q6+IgQD7+nnw5IibrSPFVHZioRyG28lcHLVlkYN3VQ==
  dependencies:
    rescript "^10.1"

"@nobleai/rescript-prelude@^0.12.0":
  version "0.12.0"
  resolved "https://registry.yarnpkg.com/@nobleai/rescript-prelude/-/rescript-prelude-0.12.0.tgz#38ffbef39ec73ad06de4b9cbf9280447a8532308"
  integrity sha512-7QyK0rhAK6tF360u8U6yAEBDfrV8Jx48/npDCqGGTOqK0GGexA82YGDqd7h/3hjgXaDVVzKxDo2kdImyzkllBQ==
  dependencies:
    "@nobleai/rescript-lodash" "^4.17.21"
    numeral "^2.0.6"
    rescript "^10.1"

"@rescript/react@^0.11.0":
  version "0.11.0"
  resolved "https://registry.yarnpkg.com/@rescript/react/-/react-0.11.0.tgz#d2545546d823bdb8e6b59daa1790098d1666f79e"
  integrity sha512-RzoAO+3cJwXE2D7yodMo4tBO2EkeDYCN/I/Sj/yRweI3S1CY1ZBOF/GMcVtjeIurJJt7KMveqQXTaRrqoGZBBg==

lodash@4.17.21:
  version "4.17.21"
  resolved "https://registry.yarnpkg.com/lodash/-/lodash-4.17.21.tgz#679591c564c3bffaae8454cf0b3df370c3d6911c"
  integrity sha512-v2kDEe57lecTulaDIuNTPy3Ry4gLGJ6Z1O3vE1krgXZNrsQ+LFTGHVxVjcXPs17LhbZVGedAJv8XZ1tvj5FvSg==

numeral@^2.0.6:
  version "2.0.6"
  resolved "https://registry.yarnpkg.com/numeral/-/numeral-2.0.6.tgz#4ad080936d443c2561aed9f2197efffe25f4e506"
  integrity sha512-qaKRmtYPZ5qdw4jWJD6bxEf1FJEqllJrwxCLIm0sQU/A7v2/czigzOb+C2uSiFsa9lBUzeH7M1oK+Q+OLxL3kA==

rescript-webapi@^0.2.0:
  version "0.2.0"
  resolved "https://registry.yarnpkg.com/rescript-webapi/-/rescript-webapi-0.2.0.tgz#713cabf41b98b1bfa536ef25e2b333899e3cc570"
  integrity sha512-SzWON5edviVG1mtHvrUR6UZIpDqSY/nYVkl9F92zFxXhZ+VAdmiJtYoHZTRJ9DSgaslcyY4c9ZlymRqyWZ7eEA==

rescript@^10.1:
  version "10.1.4"
  resolved "https://registry.yarnpkg.com/rescript/-/rescript-10.1.4.tgz#0f37710d371f32a704f17b4e804f66ce3c79a305"
  integrity sha512-FFKlS9AG/XrLepWsyw7B+A9DtQBPWEPDPDKghV831Y2KGbie+eeFBOS0xtRHp0xbt7S0N2Dm6hhX+kTZQ/3Ybg==
